
Microsoft Visual Studio Solution File, Format Version 12.00
# Visual Studio Version 16
VisualStudioVersion = 16.0.31727.386
MinimumVisualStudioVersion = 10.0.40219.1
Project("{FAE04EC0-301F-11D3-BF4B-00C04F79EFBC}") = "TicTacToe", "TicTacToe.csproj", "{A4519FE7-9006-47D7-98B8-56C29DE691DD}"
EndProject
Global
	GlobalSection(SolutionConfigurationPlatforms) = preSolution
		Debug|Any CPU = Debug|Any CPU
		Release|Any CPU = Release|Any CPU
	EndGlobalSection
	GlobalSection(ProjectConfigurationPlatforms) = postSolution
		{A4519FE7-9006-47D7-98B8-56C29DE691DD}.Debug|Any CPU.ActiveCfg = Debug|Any CPU
		{A4519FE7-9006-47D7-98B8-56C29DE691DD}.Debug|Any CPU.Build.0 = Debug|Any CPU
		{A4519FE7-9006-47D7-98B8-56C29DE691DD}.Release|Any CPU.ActiveCfg = Release|Any CPU
		{A4519FE7-9006-47D7-98B8-56C29DE691DD}.Release|Any CPU.Build.0 = Release|Any CPU
	EndGlobalSection
	GlobalSection(SolutionProperties) = preSolution
		HideSolutionNode = FALSE
	EndGlobalSection
	GlobalSection(ExtensibilityGlobals) = postSolution
		SolutionGuid = {EEC8ED11-C902-430D-A75A-0A37BED55AB5}
	EndGlobalSection
EndGlobal
